
Microsoft Visual Studio Solution File, Format Version 12.00
# Visual Studio Version 16
VisualStudioVersion = 16.0.29806.167
MinimumVisualStudioVersion = 10.0.40219.1
Project("{2150E333-8FDC-42A3-9474-1A3956D46DE8}") = "src", "src", "{A6E3507B-EC96-4A5F-90B4-4F3989F3A5AE}"
EndProject
Project("{2150E333-8FDC-42A3-9474-1A3956D46DE8}") = "Catalog", "Catalog", "{B1425952-D606-4A0D-8F80-CBEB965CCC3F}"
EndProject
Project("{9A19103F-16F7-4668-BE54-9A1E7A4F7556}") = "Catalog.API", "src\Catalog\Catalog.API\Catalog.API.csproj", "{46FCB939-9B15-4635-B79E-15E93C38DAF4}"
EndProject
Project("{2150E333-8FDC-42A3-9474-1A3956D46DE8}") = "Basket", "Basket", "{50B833EC-7306-472A-B8B3-CDE2C05E8C9D}"
EndProject
Project("{9A19103F-16F7-4668-BE54-9A1E7A4F7556}") = "Basket.API", "src\Basket\Basket.API\Basket.API.csproj", "{BF90DDFB-3607-4DCE-9F67-18772948CD73}"
EndProject
Project("{2150E333-8FDC-42A3-9474-1A3956D46DE8}") = "Common", "Common", "{23D651E4-437D-4041-B1DF-7B0BD1A068F0}"
EndProject
Project("{9A19103F-16F7-4668-BE54-9A1E7A4F7556}") = "EventBusRabbitMQ", "src\Common\EventBusRabbitMQ\EventBusRabbitMQ.csproj", "{65A994C6-3A35-4170-9C7B-32A20B11478B}"
EndProject
Project("{2150E333-8FDC-42A3-9474-1A3956D46DE8}") = "Ordering", "Ordering", "{F22EDF0D-904A-4D53-9CDC-AA1B8BCDF103}"
EndProject
Project("{9A19103F-16F7-4668-BE54-9A1E7A4F7556}") = "Ordering.API", "src\Ordering\Ordering.API\Ordering.API.csproj", "{BDAA6E00-83FF-468B-BE65-0071E00B0565}"
EndProject
Project("{9A19103F-16F7-4668-BE54-9A1E7A4F7556}") = "Ordering.Core", "src\Ordering\Ordering.Core\Ordering.Core.csproj", "{84965F20-795E-42AD-AFC5-EFE6912A63A7}"
EndProject
Project("{9A19103F-16F7-4668-BE54-9A1E7A4F7556}") = "Ordering.Infrastructure", "src\Ordering\Ordering.Infrastructure\Ordering.Infrastructure.csproj", "{E9B3D739-625C-4851-84D1-54B1D9A261C1}"
EndProject
Project("{9A19103F-16F7-4668-BE54-9A1E7A4F7556}") = "Ordering.Application", "src\Ordering\Ordering.Application\Ordering.Application.csproj", "{58ADE91E-5DE2-49FD-99C6-1A6EEE6A0EF1}"
EndProject
Project("{2150E333-8FDC-42A3-9474-1A3956D46DE8}") = "ApiGateway", "ApiGateway", "{B9568785-1E22-4A09-B705-4697FB27A975}"
EndProject
Project("{FAE04EC0-301F-11D3-BF4B-00C04F79EFBC}") = "OcelotAPIGateway", "src\ApiGateway\OcelotAPIGateway\OcelotAPIGateway.csproj", "{D6E0030C-F776-483A-B392-BC38CE6A5F3E}"
EndProject
Global
	GlobalSection(SolutionConfigurationPlatforms) = preSolution
		Debug|Any CPU = Debug|Any CPU
		Release|Any CPU = Release|Any CPU
	EndGlobalSection
	GlobalSection(ProjectConfigurationPlatforms) = postSolution
		{46FCB939-9B15-4635-B79E-15E93C38DAF4}.Debug|Any CPU.ActiveCfg = Debug|Any CPU
		{46FCB939-9B15-4635-B79E-15E93C38DAF4}.Debug|Any CPU.Build.0 = Debug|Any CPU
		{46FCB939-9B15-4635-B79E-15E93C38DAF4}.Release|Any CPU.ActiveCfg = Release|Any CPU
		{46FCB939-9B15-4635-B79E-15E93C38DAF4}.Release|Any CPU.Build.0 = Release|Any CPU
		{BF90DDFB-3607-4DCE-9F67-18772948CD73}.Debug|Any CPU.ActiveCfg = Debug|Any CPU
		{BF90DDFB-3607-4DCE-9F67-18772948CD73}.Debug|Any CPU.Build.0 = Debug|Any CPU
		{BF90DDFB-3607-4DCE-9F67-18772948CD73}.Release|Any CPU.ActiveCfg = Release|Any CPU
		{BF90DDFB-3607-4DCE-9F67-18772948CD73}.Release|Any CPU.Build.0 = Release|Any CPU
		{65A994C6-3A35-4170-9C7B-32A20B11478B}.Debug|Any CPU.ActiveCfg = Debug|Any CPU
		{65A994C6-3A35-4170-9C7B-32A20B11478B}.Debug|Any CPU.Build.0 = Debug|Any CPU
		{65A994C6-3A35-4170-9C7B-32A20B11478B}.Release|Any CPU.ActiveCfg = Release|Any CPU
		{65A994C6-3A35-4170-9C7B-32A20B11478B}.Release|Any CPU.Build.0 = Release|Any CPU
		{BDAA6E00-83FF-468B-BE65-0071E00B0565}.Debug|Any CPU.ActiveCfg = Debug|Any CPU
		{BDAA6E00-83FF-468B-BE65-0071E00B0565}.Debug|Any CPU.Build.0 = Debug|Any CPU
		{BDAA6E00-83FF-468B-BE65-0071E00B0565}.Release|Any CPU.ActiveCfg = Release|Any CPU
		{BDAA6E00-83FF-468B-BE65-0071E00B0565}.Release|Any CPU.Build.0 = Release|Any CPU
		{84965F20-795E-42AD-AFC5-EFE6912A63A7}.Debug|Any CPU.ActiveCfg = Debug|Any CPU
		{84965F20-795E-42AD-AFC5-EFE6912A63A7}.Debug|Any CPU.Build.0 = Debug|Any CPU
		{84965F20-795E-42AD-AFC5-EFE6912A63A7}.Release|Any CPU.ActiveCfg = Release|Any CPU
		{84965F20-795E-42AD-AFC5-EFE6912A63A7}.Release|Any CPU.Build.0 = Release|Any CPU
		{E9B3D739-625C-4851-84D1-54B1D9A261C1}.Debug|Any CPU.ActiveCfg = Debug|Any CPU
		{E9B3D739-625C-4851-84D1-54B1D9A261C1}.Debug|Any CPU.Build.0 = Debug|Any CPU
		{E9B3D739-625C-4851-84D1-54B1D9A261C1}.Release|Any CPU.ActiveCfg = Release|Any CPU
		{E9B3D739-625C-4851-84D1-54B1D9A261C1}.Release|Any CPU.Build.0 = Release|Any CPU
		{58ADE91E-5DE2-49FD-99C6-1A6EEE6A0EF1}.Debug|Any CPU.ActiveCfg = Debug|Any CPU
		{58ADE91E-5DE2-49FD-99C6-1A6EEE6A0EF1}.Debug|Any CPU.Build.0 = Debug|Any CPU
		{58ADE91E-5DE2-49FD-99C6-1A6EEE6A0EF1}.Release|Any CPU.ActiveCfg = Release|Any CPU
		{58ADE91E-5DE2-49FD-99C6-1A6EEE6A0EF1}.Release|Any CPU.Build.0 = Release|Any CPU
		{D6E0030C-F776-483A-B392-BC38CE6A5F3E}.Debug|Any CPU.ActiveCfg = Debug|Any CPU
		{D6E0030C-F776-483A-B392-BC38CE6A5F3E}.Debug|Any CPU.Build.0 = Debug|Any CPU
		{D6E0030C-F776-483A-B392-BC38CE6A5F3E}.Release|Any CPU.ActiveCfg = Release|Any CPU
		{D6E0030C-F776-483A-B392-BC38CE6A5F3E}.Release|Any CPU.Build.0 = Release|Any CPU
	EndGlobalSection
	GlobalSection(SolutionProperties) = preSolution
		HideSolutionNode = FALSE
	EndGlobalSection
	GlobalSection(NestedProjects) = preSolution
		{B1425952-D606-4A0D-8F80-CBEB965CCC3F} = {A6E3507B-EC96-4A5F-90B4-4F3989F3A5AE}
		{46FCB939-9B15-4635-B79E-15E93C38DAF4} = {B1425952-D606-4A0D-8F80-CBEB965CCC3F}
		{50B833EC-7306-472A-B8B3-CDE2C05E8C9D} = {A6E3507B-EC96-4A5F-90B4-4F3989F3A5AE}
		{BF90DDFB-3607-4DCE-9F67-18772948CD73} = {50B833EC-7306-472A-B8B3-CDE2C05E8C9D}
		{23D651E4-437D-4041-B1DF-7B0BD1A068F0} = {A6E3507B-EC96-4A5F-90B4-4F3989F3A5AE}
		{65A994C6-3A35-4170-9C7B-32A20B11478B} = {23D651E4-437D-4041-B1DF-7B0BD1A068F0}
		{F22EDF0D-904A-4D53-9CDC-AA1B8BCDF103} = {A6E3507B-EC96-4A5F-90B4-4F3989F3A5AE}
		{BDAA6E00-83FF-468B-BE65-0071E00B0565} = {F22EDF0D-904A-4D53-9CDC-AA1B8BCDF103}
		{84965F20-795E-42AD-AFC5-EFE6912A63A7} = {F22EDF0D-904A-4D53-9CDC-AA1B8BCDF103}
		{E9B3D739-625C-4851-84D1-54B1D9A261C1} = {F22EDF0D-904A-4D53-9CDC-AA1B8BCDF103}
		{58ADE91E-5DE2-49FD-99C6-1A6EEE6A0EF1} = {F22EDF0D-904A-4D53-9CDC-AA1B8BCDF103}
		{B9568785-1E22-4A09-B705-4697FB27A975} = {A6E3507B-EC96-4A5F-90B4-4F3989F3A5AE}
		{D6E0030C-F776-483A-B392-BC38CE6A5F3E} = {B9568785-1E22-4A09-B705-4697FB27A975}
	EndGlobalSection
	GlobalSection(ExtensibilityGlobals) = postSolution
		SolutionGuid = {EBA163C0-D7EB-44C8-BD13-0C85FBDD2801}
	EndGlobalSection
EndGlobal
